
Microsoft Visual Studio Solution File, Format Version 12.00
# Visual Studio Version 16
VisualStudioVersion = 16.0.29503.13
MinimumVisualStudioVersion = 10.0.40219.1
Project("{FAE04EC0-301F-11D3-BF4B-00C04F79EFBC}") = "MyRostand.Android", "MyRostand\MyRostand.Android\MyRostand.Android.csproj", "{E2B6FC09-9BE6-4206-8455-A5E21E1EDD75}"
EndProject
Project("{FAE04EC0-301F-11D3-BF4B-00C04F79EFBC}") = "MyRostand.iOS", "MyRostand\MyRostand.iOS\MyRostand.iOS.csproj", "{50B6F419-F9E2-4469-83A9-808F29E903EB}"
EndProject
Project("{FAE04EC0-301F-11D3-BF4B-00C04F79EFBC}") = "MyRostand", "MyRostand\MyRostand\MyRostand.csproj", "{B0CC0506-5C7B-468A-8A45-75851CC654F4}"
EndProject
Global
	GlobalSection(SolutionConfigurationPlatforms) = preSolution
		Debug|Any CPU = Debug|Any CPU
		Debug|iPhone = Debug|iPhone
		Debug|iPhoneSimulator = Debug|iPhoneSimulator
		Release|Any CPU = Release|Any CPU
		Release|iPhone = Release|iPhone
		Release|iPhoneSimulator = Release|iPhoneSimulator
	EndGlobalSection
	GlobalSection(ProjectConfigurationPlatforms) = postSolution
		{E2B6FC09-9BE6-4206-8455-A5E21E1EDD75}.Debug|Any CPU.ActiveCfg = Debug|Any CPU
		{E2B6FC09-9BE6-4206-8455-A5E21E1EDD75}.Debug|Any CPU.Build.0 = Debug|Any CPU
		{E2B6FC09-9BE6-4206-8455-A5E21E1EDD75}.Debug|Any CPU.Deploy.0 = Debug|Any CPU
		{E2B6FC09-9BE6-4206-8455-A5E21E1EDD75}.Debug|iPhone.ActiveCfg = Debug|Any CPU
		{E2B6FC09-9BE6-4206-8455-A5E21E1EDD75}.Debug|iPhone.Build.0 = Debug|Any CPU
		{E2B6FC09-9BE6-4206-8455-A5E21E1EDD75}.Debug|iPhone.Deploy.0 = Debug|Any CPU
		{E2B6FC09-9BE6-4206-8455-A5E21E1EDD75}.Debug|iPhoneSimulator.ActiveCfg = Debug|Any CPU
		{E2B6FC09-9BE6-4206-8455-A5E21E1EDD75}.Debug|iPhoneSimulator.Build.0 = Debug|Any CPU
		{E2B6FC09-9BE6-4206-8455-A5E21E1EDD75}.Debug|iPhoneSimulator.Deploy.0 = Debug|Any CPU
		{E2B6FC09-9BE6-4206-8455-A5E21E1EDD75}.Release|Any CPU.ActiveCfg = Release|Any CPU
		{E2B6FC09-9BE6-4206-8455-A5E21E1EDD75}.Release|Any CPU.Build.0 = Release|Any CPU
		{E2B6FC09-9BE6-4206-8455-A5E21E1EDD75}.Release|Any CPU.Deploy.0 = Release|Any CPU
		{E2B6FC09-9BE6-4206-8455-A5E21E1EDD75}.Release|iPhone.ActiveCfg = Release|Any CPU
		{E2B6FC09-9BE6-4206-8455-A5E21E1EDD75}.Release|iPhone.Build.0 = Release|Any CPU
		{E2B6FC09-9BE6-4206-8455-A5E21E1EDD75}.Release|iPhone.Deploy.0 = Release|Any CPU
		{E2B6FC09-9BE6-4206-8455-A5E21E1EDD75}.Release|iPhoneSimulator.ActiveCfg = Release|Any CPU
		{E2B6FC09-9BE6-4206-8455-A5E21E1EDD75}.Release|iPhoneSimulator.Build.0 = Release|Any CPU
		{E2B6FC09-9BE6-4206-8455-A5E21E1EDD75}.Release|iPhoneSimulator.Deploy.0 = Release|Any CPU
		{50B6F419-F9E2-4469-83A9-808F29E903EB}.Debug|Any CPU.ActiveCfg = Debug|iPhoneSimulator
		{50B6F419-F9E2-4469-83A9-808F29E903EB}.Debug|Any CPU.Build.0 = Debug|iPhoneSimulator
		{50B6F419-F9E2-4469-83A9-808F29E903EB}.Debug|Any CPU.Deploy.0 = Debug|iPhoneSimulator
		{50B6F419-F9E2-4469-83A9-808F29E903EB}.Debug|iPhone.ActiveCfg = Debug|iPhone
		{50B6F419-F9E2-4469-83A9-808F29E903EB}.Debug|iPhone.Build.0 = Debug|iPhone
		{50B6F419-F9E2-4469-83A9-808F29E903EB}.Debug|iPhone.Deploy.0 = Debug|iPhone
		{50B6F419-F9E2-4469-83A9-808F29E903EB}.Debug|iPhoneSimulator.ActiveCfg = Debug|iPhoneSimulator
		{50B6F419-F9E2-4469-83A9-808F29E903EB}.Debug|iPhoneSimulator.Build.0 = Debug|iPhoneSimulator
		{50B6F419-F9E2-4469-83A9-808F29E903EB}.Debug|iPhoneSimulator.Deploy.0 = Debug|iPhoneSimulator
		{50B6F419-F9E2-4469-83A9-808F29E903EB}.Release|Any CPU.ActiveCfg = Release|iPhone
		{50B6F419-F9E2-4469-83A9-808F29E903EB}.Release|Any CPU.Build.0 = Release|iPhone
		{50B6F419-F9E2-4469-83A9-808F29E903EB}.Release|Any CPU.Deploy.0 = Release|iPhone
		{50B6F419-F9E2-4469-83A9-808F29E903EB}.Release|iPhone.ActiveCfg = Release|iPhone
		{50B6F419-F9E2-4469-83A9-808F29E903EB}.Release|iPhone.Build.0 = Release|iPhone
		{50B6F419-F9E2-4469-83A9-808F29E903EB}.Release|iPhone.Deploy.0 = Release|iPhone
		{50B6F419-F9E2-4469-83A9-808F29E903EB}.Release|iPhoneSimulator.ActiveCfg = Release|iPhoneSimulator
		{50B6F419-F9E2-4469-83A9-808F29E903EB}.Release|iPhoneSimulator.Build.0 = Release|iPhoneSimulator
		{50B6F419-F9E2-4469-83A9-808F29E903EB}.Release|iPhoneSimulator.Deploy.0 = Release|iPhoneSimulator
		{B0CC0506-5C7B-468A-8A45-75851CC654F4}.Debug|Any CPU.ActiveCfg = Debug|Any CPU
		{B0CC0506-5C7B-468A-8A45-75851CC654F4}.Debug|Any CPU.Build.0 = Debug|Any CPU
		{B0CC0506-5C7B-468A-8A45-75851CC654F4}.Debug|Any CPU.Deploy.0 = Debug|Any CPU
		{B0CC0506-5C7B-468A-8A45-75851CC654F4}.Debug|iPhone.ActiveCfg = Debug|Any CPU
		{B0CC0506-5C7B-468A-8A45-75851CC654F4}.Debug|iPhone.Build.0 = Debug|Any CPU
		{B0CC0506-5C7B-468A-8A45-75851CC654F4}.Debug|iPhone.Deploy.0 = Debug|Any CPU
		{B0CC0506-5C7B-468A-8A45-75851CC654F4}.Debug|iPhoneSimulator.ActiveCfg = Debug|Any CPU
		{B0CC0506-5C7B-468A-8A45-75851CC654F4}.Debug|iPhoneSimulator.Build.0 = Debug|Any CPU
		{B0CC0506-5C7B-468A-8A45-75851CC654F4}.Debug|iPhoneSimulator.Deploy.0 = Debug|Any CPU
		{B0CC0506-5C7B-468A-8A45-75851CC654F4}.Release|Any CPU.ActiveCfg = Release|Any CPU
		{B0CC0506-5C7B-468A-8A45-75851CC654F4}.Release|Any CPU.Build.0 = Release|Any CPU
		{B0CC0506-5C7B-468A-8A45-75851CC654F4}.Release|Any CPU.Deploy.0 = Release|Any CPU
		{B0CC0506-5C7B-468A-8A45-75851CC654F4}.Release|iPhone.ActiveCfg = Release|Any CPU
		{B0CC0506-5C7B-468A-8A45-75851CC654F4}.Release|iPhone.Build.0 = Release|Any CPU
		{B0CC0506-5C7B-468A-8A45-75851CC654F4}.Release|iPhone.Deploy.0 = Release|Any CPU
		{B0CC0506-5C7B-468A-8A45-75851CC654F4}.Release|iPhoneSimulator.ActiveCfg = Release|Any CPU
		{B0CC0506-5C7B-468A-8A45-75851CC654F4}.Release|iPhoneSimulator.Build.0 = Release|Any CPU
		{B0CC0506-5C7B-468A-8A45-75851CC654F4}.Release|iPhoneSimulator.Deploy.0 = Release|Any CPU
	EndGlobalSection
	GlobalSection(SolutionProperties) = preSolution
		HideSolutionNode = FALSE
	EndGlobalSection
	GlobalSection(ExtensibilityGlobals) = postSolution
		SolutionGuid = {068F3F8F-693C-4591-BB66-1054A43CDC22}
	EndGlobalSection
EndGlobal
